
Microsoft Visual Studio Solution File, Format Version 12.00
# Visual Studio 15
VisualStudioVersion = 15.0.27130.2036
MinimumVisualStudioVersion = 10.0.40219.1
Project("{FAE04EC0-301F-11D3-BF4B-00C04F79EFBC}") = "consoleapp odd or even", "consoleapp odd or even\consoleapp odd or even.csproj", "{8EC3CEEA-DFDC-4FF9-95B4-A555CC9EB655}"
EndProject
Global
	GlobalSection(SolutionConfigurationPlatforms) = preSolution
		Debug|Any CPU = Debug|Any CPU
		Release|Any CPU = Release|Any CPU
	EndGlobalSection
	GlobalSection(ProjectConfigurationPlatforms) = postSolution
		{8EC3CEEA-DFDC-4FF9-95B4-A555CC9EB655}.Debug|Any CPU.ActiveCfg = Debug|Any CPU
		{8EC3CEEA-DFDC-4FF9-95B4-A555CC9EB655}.Debug|Any CPU.Build.0 = Debug|Any CPU
		{8EC3CEEA-DFDC-4FF9-95B4-A555CC9EB655}.Release|Any CPU.ActiveCfg = Release|Any CPU
		{8EC3CEEA-DFDC-4FF9-95B4-A555CC9EB655}.Release|Any CPU.Build.0 = Release|Any CPU
	EndGlobalSection
	GlobalSection(SolutionProperties) = preSolution
		HideSolutionNode = FALSE
	EndGlobalSection
	GlobalSection(ExtensibilityGlobals) = postSolution
		SolutionGuid = {76168AC4-115A-49DB-9E4D-9BAE8F9E31BF}
	EndGlobalSection
EndGlobal
